// !$*UTF8*$!
{
	archiveVersion = 1;
	classes = {
	};
	objectVersion = 50;
	objects = {

/* Begin PBXBuildFile section */
		03B425EF24C6F27F0058A4F5 /* filter-default-image.png in Resources */ = {isa = PBXBuildFile; fileRef = 03B425EE24C6F27F0058A4F5 /* filter-default-image.png */; };
		03B425F224C6F6660058A4F5 /* FiltersScrollView.swift in Sources */ = {isa = PBXBuildFile; fileRef = 03B425F124C6F6660058A4F5 /* FiltersScrollView.swift */; };
		03B425F424C6F6770058A4F5 /* UIImageView+Extensions.swift in Sources */ = {isa = PBXBuildFile; fileRef = 03B425F324C6F6770058A4F5 /* UIImageView+Extensions.swift */; };
		03B425F724C6F6AB0058A4F5 /* FiltersService.swift in Sources */ = {isa = PBXBuildFile; fileRef = 03B425F624C6F6AB0058A4F5 /* FiltersService.swift */; };
		03DA75D324BEB0CA0037F620 /* AppDelegate.swift in Sources */ = {isa = PBXBuildFile; fileRef = 03DA75D224BEB0CA0037F620 /* AppDelegate.swift */; };
		03DA75D524BEB0CA0037F620 /* SceneDelegate.swift in Sources */ = {isa = PBXBuildFile; fileRef = 03DA75D424BEB0CA0037F620 /* SceneDelegate.swift */; };
		03DA75DA24BEB0CA0037F620 /* Main.storyboard in Resources */ = {isa = PBXBuildFile; fileRef = 03DA75D824BEB0CA0037F620 /* Main.storyboard */; };
		03DA75DC24BEB0CC0037F620 /* Assets.xcassets in Resources */ = {isa = PBXBuildFile; fileRef = 03DA75DB24BEB0CC0037F620 /* Assets.xcassets */; };
		03DA75DF24BEB0CC0037F620 /* LaunchScreen.storyboard in Resources */ = {isa = PBXBuildFile; fileRef = 03DA75DD24BEB0CC0037F620 /* LaunchScreen.storyboard */; };
		03DA75E824BEB1110037F620 /* PhotoContainerViewController.swift in Sources */ = {isa = PBXBuildFile; fileRef = 03DA75E724BEB1110037F620 /* PhotoContainerViewController.swift */; };
		03DA75EA24BEB2650037F620 /* PhotosCollectionViewController.swift in Sources */ = {isa = PBXBuildFile; fileRef = 03DA75E924BEB2650037F620 /* PhotosCollectionViewController.swift */; };
		03DA75EC24BEB28C0037F620 /* FilterViewController.swift in Sources */ = {isa = PBXBuildFile; fileRef = 03DA75EB24BEB28C0037F620 /* FilterViewController.swift */; };
		03DA75EF24C0130A0037F620 /* UIViewController+Extension.swift in Sources */ = {isa = PBXBuildFile; fileRef = 03DA75EE24C0130A0037F620 /* UIViewController+Extension.swift */; };
		03DA75F224C04F480037F620 /* PhotoCollectionViewCell.swift in Sources */ = {isa = PBXBuildFile; fileRef = 03DA75F124C04F480037F620 /* PhotoCollectionViewCell.swift */; };
		03DA75F424C058600037F620 /* ImagePreviewViewController.swift in Sources */ = {isa = PBXBuildFile; fileRef = 03DA75F324C058600037F620 /* ImagePreviewViewController.swift */; };
/* End PBXBuildFile section */

/* Begin PBXFileReference section */
		03B425EE24C6F27F0058A4F5 /* filter-default-image.png */ = {isa = PBXFileReference; lastKnownFileType = image.png; path = "filter-default-image.png"; sourceTree = "<group>"; };
		03B425F124C6F6660058A4F5 /* FiltersScrollView.swift */ = {isa = PBXFileReference; fileEncoding = 4; lastKnownFileType = sourcecode.swift; path = FiltersScrollView.swift; sourceTree = "<group>"; };
		03B425F324C6F6770058A4F5 /* UIImageView+Extensions.swift */ = {isa = PBXFileReference; fileEncoding = 4; lastKnownFileType = sourcecode.swift; path = "UIImageView+Extensions.swift"; sourceTree = "<group>"; };
		03B425F624C6F6AB0058A4F5 /* FiltersService.swift */ = {isa = PBXFileReference; fileEncoding = 4; lastKnownFileType = sourcecode.swift; path = FiltersService.swift; sourceTree = "<group>"; };
		03DA75CF24BEB0CA0037F620 /* PhotoFilter.app */ = {isa = PBXFileReference; explicitFileType = wrapper.application; includeInIndex = 0; path = PhotoFilter.app; sourceTree = BUILT_PRODUCTS_DIR; };
		03DA75D224BEB0CA0037F620 /* AppDelegate.swift */ = {isa = PBXFileReference; lastKnownFileType = sourcecode.swift; path = AppDelegate.swift; sourceTree = "<group>"; };
		03DA75D424BEB0CA0037F620 /* SceneDelegate.swift */ = {isa = PBXFileReference; lastKnownFileType = sourcecode.swift; path = SceneDelegate.swift; sourceTree = "<group>"; };
		03DA75D924BEB0CA0037F620 /* Base */ = {isa = PBXFileReference; lastKnownFileType = file.storyboard; name = Base; path = Base.lproj/Main.storyboard; sourceTree = "<group>"; };
		03DA75DB24BEB0CC0037F620 /* Assets.xcassets */ = {isa = PBXFileReference; lastKnownFileType = folder.assetcatalog; path = Assets.xcassets; sourceTree = "<group>"; };
		03DA75DE24BEB0CC0037F620 /* Base */ = {isa = PBXFileReference; lastKnownFileType = file.storyboard; name = Base; path = Base.lproj/LaunchScreen.storyboard; sourceTree = "<group>"; };
		03DA75E024BEB0CC0037F620 /* Info.plist */ = {isa = PBXFileReference; lastKnownFileType = text.plist.xml; path = Info.plist; sourceTree = "<group>"; };
		03DA75E724BEB1110037F620 /* PhotoContainerViewController.swift */ = {isa = PBXFileReference; lastKnownFileType = sourcecode.swift; path = PhotoContainerViewController.swift; sourceTree = "<group>"; };
		03DA75E924BEB2650037F620 /* PhotosCollectionViewController.swift */ = {isa = PBXFileReference; lastKnownFileType = sourcecode.swift; path = PhotosCollectionViewController.swift; sourceTree = "<group>"; };
		03DA75EB24BEB28C0037F620 /* FilterViewController.swift */ = {isa = PBXFileReference; lastKnownFileType = sourcecode.swift; path = FilterViewController.swift; sourceTree = "<group>"; };
		03DA75EE24C0130A0037F620 /* UIViewController+Extension.swift */ = {isa = PBXFileReference; lastKnownFileType = sourcecode.swift; path = "UIViewController+Extension.swift"; sourceTree = "<group>"; };
		03DA75F124C04F480037F620 /* PhotoCollectionViewCell.swift */ = {isa = PBXFileReference; lastKnownFileType = sourcecode.swift; path = PhotoCollectionViewCell.swift; sourceTree = "<group>"; };
		03DA75F324C058600037F620 /* ImagePreviewViewController.swift */ = {isa = PBXFileReference; lastKnownFileType = sourcecode.swift; path = ImagePreviewViewController.swift; sourceTree = "<group>"; };
/* End PBXFileReference section */

/* Begin PBXFrameworksBuildPhase section */
		03DA75CC24BEB0CA0037F620 /* Frameworks */ = {
			isa = PBXFrameworksBuildPhase;
			buildActionMask = 2147483647;
			files = (
			);
			runOnlyForDeploymentPostprocessing = 0;
		};
/* End PBXFrameworksBuildPhase section */

/* Begin PBXGroup section */
		03B425ED24C6F2720058A4F5 /* Images */ = {
			isa = PBXGroup;
			children = (
				03B425EE24C6F27F0058A4F5 /* filter-default-image.png */,
			);
			path = Images;
			sourceTree = "<group>";
		};
		03B425F024C6F6510058A4F5 /* Controlls */ = {
			isa = PBXGroup;
			children = (
				03B425F124C6F6660058A4F5 /* FiltersScrollView.swift */,
			);
			path = Controlls;
			sourceTree = "<group>";
		};
		03B425F524C6F6860058A4F5 /* Service */ = {
			isa = PBXGroup;
			children = (
				03B425F624C6F6AB0058A4F5 /* FiltersService.swift */,
			);
			path = Service;
			sourceTree = "<group>";
		};
		03DA75C624BEB0CA0037F620 = {
			isa = PBXGroup;
			children = (
				03DA75D124BEB0CA0037F620 /* PhotoFilter */,
				03DA75D024BEB0CA0037F620 /* Products */,
			);
			sourceTree = "<group>";
		};
		03DA75D024BEB0CA0037F620 /* Products */ = {
			isa = PBXGroup;
			children = (
				03DA75CF24BEB0CA0037F620 /* PhotoFilter.app */,
			);
			name = Products;
			sourceTree = "<group>";
		};
		03DA75D124BEB0CA0037F620 /* PhotoFilter */ = {
			isa = PBXGroup;
			children = (
				03B425F524C6F6860058A4F5 /* Service */,
				03B425F024C6F6510058A4F5 /* Controlls */,
				03B425ED24C6F2720058A4F5 /* Images */,
				03DA75F024C04EF80037F620 /* cell */,
				03DA75ED24C012E90037F620 /* Extensions */,
				03DA75E624BEB0E60037F620 /* Controllers */,
				03DA75D224BEB0CA0037F620 /* AppDelegate.swift */,
				03DA75D424BEB0CA0037F620 /* SceneDelegate.swift */,
				03DA75D824BEB0CA0037F620 /* Main.storyboard */,
				03DA75DB24BEB0CC0037F620 /* Assets.xcassets */,
				03DA75DD24BEB0CC0037F620 /* LaunchScreen.storyboard */,
				03DA75E024BEB0CC0037F620 /* Info.plist */,
			);
			path = PhotoFilter;
			sourceTree = "<group>";
		};
		03DA75E624BEB0E60037F620 /* Controllers */ = {
			isa = PBXGroup;
			children = (
				03DA75E724BEB1110037F620 /* PhotoContainerViewController.swift */,
				03DA75E924BEB2650037F620 /* PhotosCollectionViewController.swift */,
				03DA75EB24BEB28C0037F620 /* FilterViewController.swift */,
				03DA75F324C058600037F620 /* ImagePreviewViewController.swift */,
			);
			path = Controllers;
			sourceTree = "<group>";
		};
		03DA75ED24C012E90037F620 /* Extensions */ = {
			isa = PBXGroup;
			children = (
				03B425F324C6F6770058A4F5 /* UIImageView+Extensions.swift */,
				03DA75EE24C0130A0037F620 /* UIViewController+Extension.swift */,
			);
			path = Extensions;
			sourceTree = "<group>";
		};
		03DA75F024C04EF80037F620 /* cell */ = {
			isa = PBXGroup;
			children = (
				03DA75F124C04F480037F620 /* PhotoCollectionViewCell.swift */,
			);
			path = cell;
			sourceTree = "<group>";
		};
/* End PBXGroup section */

/* Begin PBXNativeTarget section */
		03DA75CE24BEB0CA0037F620 /* PhotoFilter */ = {
			isa = PBXNativeTarget;
			buildConfigurationList = 03DA75E324BEB0CC0037F620 /* Build configuration list for PBXNativeTarget "PhotoFilter" */;
			buildPhases = (
				03DA75CB24BEB0CA0037F620 /* Sources */,
				03DA75CC24BEB0CA0037F620 /* Frameworks */,
				03DA75CD24BEB0CA0037F620 /* Resources */,
			);
			buildRules = (
			);
			dependencies = (
			);
			name = PhotoFilter;
			productName = PhotoFilter;
			productReference = 03DA75CF24BEB0CA0037F620 /* PhotoFilter.app */;
			productType = "com.apple.product-type.application";
		};
/* End PBXNativeTarget section */

/* Begin PBXProject section */
		03DA75C724BEB0CA0037F620 /* Project object */ = {
			isa = PBXProject;
			attributes = {
				LastSwiftUpdateCheck = 1130;
				LastUpgradeCheck = 1130;
				ORGANIZATIONNAME = "sarath kumar";
				TargetAttributes = {
					03DA75CE24BEB0CA0037F620 = {
						CreatedOnToolsVersion = 11.3.1;
					};
				};
			};
			buildConfigurationList = 03DA75CA24BEB0CA0037F620 /* Build configuration list for PBXProject "PhotoFilter" */;
			compatibilityVersion = "Xcode 9.3";
			developmentRegion = en;
			hasScannedForEncodings = 0;
			knownRegions = (
				en,
				Base,
			);
			mainGroup = 03DA75C624BEB0CA0037F620;
			productRefGroup = 03DA75D024BEB0CA0037F620 /* Products */;
			projectDirPath = "";
			projectRoot = "";
			targets = (
				03DA75CE24BEB0CA0037F620 /* PhotoFilter */,
			);
		};
/* End PBXProject section */

/* Begin PBXResourcesBuildPhase section */
		03DA75CD24BEB0CA0037F620 /* Resources */ = {
			isa = PBXResourcesBuildPhase;
			buildActionMask = 2147483647;
			files = (
				03DA75DF24BEB0CC0037F620 /* LaunchScreen.storyboard in Resources */,
				03DA75DC24BEB0CC0037F620 /* Assets.xcassets in Resources */,
				03DA75DA24BEB0CA0037F620 /* Main.storyboard in Resources */,
				03B425EF24C6F27F0058A4F5 /* filter-default-image.png in Resources */,
			);
			runOnlyForDeploymentPostprocessing = 0;
		};
/* End PBXResourcesBuildPhase section */

/* Begin PBXSourcesBuildPhase section */
		03DA75CB24BEB0CA0037F620 /* Sources */ = {
			isa = PBXSourcesBuildPhase;
			buildActionMask = 2147483647;
			files = (
				03B425F424C6F6770058A4F5 /* UIImageView+Extensions.swift in Sources */,
				03DA75EF24C0130A0037F620 /* UIViewController+Extension.swift in Sources */,
				03DA75D324BEB0CA0037F620 /* AppDelegate.swift in Sources */,
				03DA75E824BEB1110037F620 /* PhotoContainerViewController.swift in Sources */,
				03DA75D524BEB0CA0037F620 /* SceneDelegate.swift in Sources */,
				03DA75F224C04F480037F620 /* PhotoCollectionViewCell.swift in Sources */,
				03B425F224C6F6660058A4F5 /* FiltersScrollView.swift in Sources */,
				03B425F724C6F6AB0058A4F5 /* FiltersService.swift in Sources */,
				03DA75EA24BEB2650037F620 /* PhotosCollectionViewController.swift in Sources */,
				03DA75F424C058600037F620 /* ImagePreviewViewController.swift in Sources */,
				03DA75EC24BEB28C0037F620 /* FilterViewController.swift in Sources */,
			);
			runOnlyForDeploymentPostprocessing = 0;
		};
/* End PBXSourcesBuildPhase section */

/* Begin PBXVariantGroup section */
		03DA75D824BEB0CA0037F620 /* Main.storyboard */ = {
			isa = PBXVariantGroup;
			children = (
				03DA75D924BEB0CA0037F620 /* Base */,
			);
			name = Main.storyboard;
			sourceTree = "<group>";
		};
		03DA75DD24BEB0CC0037F620 /* LaunchScreen.storyboard */ = {
			isa = PBXVariantGroup;
			children = (
				03DA75DE24BEB0CC0037F620 /* Base */,
			);
			name = LaunchScreen.storyboard;
			sourceTree = "<group>";
		};
/* End PBXVariantGroup section */

/* Begin XCBuildConfiguration section */
		03DA75E124BEB0CC0037F620 /* Debug */ = {
			isa = XCBuildConfiguration;
			buildSettings = {
				ALWAYS_SEARCH_USER_PATHS = NO;
				CLANG_ANALYZER_NONNULL = YES;
				CLANG_ANALYZER_NUMBER_OBJECT_CONVERSION = YES_AGGRESSIVE;
				CLANG_CXX_LANGUAGE_STANDARD = "gnu++14";
				CLANG_CXX_LIBRARY = "libc++";
				CLANG_ENABLE_MODULES = YES;
				CLANG_ENABLE_OBJC_ARC = YES;
				CLANG_ENABLE_OBJC_WEAK = YES;
				CLANG_WARN_BLOCK_CAPTURE_AUTORELEASING = YES;
				CLANG_WARN_BOOL_CONVERSION = YES;
				CLANG_WARN_COMMA = YES;
				CLANG_WARN_CONSTANT_CONVERSION = YES;
				CLANG_WARN_DEPRECATED_OBJC_IMPLEMENTATIONS = YES;
				CLANG_WARN_DIRECT_OBJC_ISA_USAGE = YES_ERROR;
				CLANG_WARN_DOCUMENTATION_COMMENTS = YES;
				CLANG_WARN_EMPTY_BODY = YES;
				CLANG_WARN_ENUM_CONVERSION = YES;
				CLANG_WARN_INFINITE_RECURSION = YES;
				CLANG_WARN_INT_CONVERSION = YES;
				CLANG_WARN_NON_LITERAL_NULL_CONVERSION = YES;
				CLANG_WARN_OBJC_IMPLICIT_RETAIN_SELF = YES;
				CLANG_WARN_OBJC_LITERAL_CONVERSION = YES;
				CLANG_WARN_OBJC_ROOT_CLASS = YES_ERROR;
				CLANG_WARN_RANGE_LOOP_ANALYSIS = YES;
				CLANG_WARN_STRICT_PROTOTYPES = YES;
				CLANG_WARN_SUSPICIOUS_MOVE = YES;
				CLANG_WARN_UNGUARDED_AVAILABILITY = YES_AGGRESSIVE;
				CLANG_WARN_UNREACHABLE_CODE = YES;
				CLANG_WARN__DUPLICATE_METHOD_MATCH = YES;
				COPY_PHASE_STRIP = NO;
				DEBUG_INFORMATION_FORMAT = dwarf;
				ENABLE_STRICT_OBJC_MSGSEND = YES;
				ENABLE_TESTABILITY = YES;
				GCC_C_LANGUAGE_STANDARD = gnu11;
				GCC_DYNAMIC_NO_PIC = NO;
				GCC_NO_COMMON_BLOCKS = YES;
				GCC_OPTIMIZATION_LEVEL = 0;
				GCC_PREPROCESSOR_DEFINITIONS = (
					"DEBUG=1",
					"$(inherited)",
				);
				GCC_WARN_64_TO_32_BIT_CONVERSION = YES;
				GCC_WARN_ABOUT_RETURN_TYPE = YES_ERROR;
				GCC_WARN_UNDECLARED_SELECTOR = YES;
				GCC_WARN_UNINITIALIZED_AUTOS = YES_AGGRESSIVE;
				GCC_WARN_UNUSED_FUNCTION = YES;
				GCC_WARN_UNUSED_VARIABLE = YES;
				IPHONEOS_DEPLOYMENT_TARGET = 13.2;
				MTL_ENABLE_DEBUG_INFO = INCLUDE_SOURCE;
				MTL_FAST_MATH = YES;
				ONLY_ACTIVE_ARCH = YES;
				SDKROOT = iphoneos;
				SWIFT_ACTIVE_COMPILATION_CONDITIONS = DEBUG;
				SWIFT_OPTIMIZATION_LEVEL = "-Onone";
			};
			name = Debug;
		};
		03DA75E224BEB0CC0037F620 /* Release */ = {
			isa = XCBuildConfiguration;
			buildSettings = {
				ALWAYS_SEARCH_USER_PATHS = NO;
				CLANG_ANALYZER_NONNULL = YES;
				CLANG_ANALYZER_NUMBER_OBJECT_CONVERSION = YES_AGGRESSIVE;
				CLANG_CXX_LANGUAGE_STANDARD = "gnu++14";
				CLANG_CXX_LIBRARY = "libc++";
				CLANG_ENABLE_MODULES = YES;
				CLANG_ENABLE_OBJC_ARC = YES;
				CLANG_ENABLE_OBJC_WEAK = YES;
				CLANG_WARN_BLOCK_CAPTURE_AUTORELEASING = YES;
				CLANG_WARN_BOOL_CONVERSION = YES;
				CLANG_WARN_COMMA = YES;
				CLANG_WARN_CONSTANT_CONVERSION = YES;
				CLANG_WARN_DEPRECATED_OBJC_IMPLEMENTATIONS = YES;
				CLANG_WARN_DIRECT_OBJC_ISA_USAGE = YES_ERROR;
				CLANG_WARN_DOCUMENTATION_COMMENTS = YES;
				CLANG_WARN_EMPTY_BODY = YES;
				CLANG_WARN_ENUM_CONVERSION = YES;
				CLANG_WARN_INFINITE_RECURSION = YES;
				CLANG_WARN_INT_CONVERSION = YES;
				CLANG_WARN_NON_LITERAL_NULL_CONVERSION = YES;
				CLANG_WARN_OBJC_IMPLICIT_RETAIN_SELF = YES;
				CLANG_WARN_OBJC_LITERAL_CONVERSION = YES;
				CLANG_WARN_OBJC_ROOT_CLASS = YES_ERROR;
				CLANG_WARN_RANGE_LOOP_ANALYSIS = YES;
				CLANG_WARN_STRICT_PROTOTYPES = YES;
				CLANG_WARN_SUSPICIOUS_MOVE = YES;
				CLANG_WARN_UNGUARDED_AVAILABILITY = YES_AGGRESSIVE;
				CLANG_WARN_UNREACHABLE_CODE = YES;
				CLANG_WARN__DUPLICATE_METHOD_MATCH = YES;
				COPY_PHASE_STRIP = NO;
				DEBUG_INFORMATION_FORMAT = "dwarf-with-dsym";
				ENABLE_NS_ASSERTIONS = NO;
				ENABLE_STRICT_OBJC_MSGSEND = YES;
				GCC_C_LANGUAGE_STANDARD = gnu11;
				GCC_NO_COMMON_BLOCKS = YES;
				GCC_WARN_64_TO_32_BIT_CONVERSION = YES;
				GCC_WARN_ABOUT_RETURN_TYPE = YES_ERROR;
				GCC_WARN_UNDECLARED_SELECTOR = YES;
				GCC_WARN_UNINITIALIZED_AUTOS = YES_AGGRESSIVE;
				GCC_WARN_UNUSED_FUNCTION = YES;
				GCC_WARN_UNUSED_VARIABLE = YES;
				IPHONEOS_DEPLOYMENT_TARGET = 13.2;
				MTL_ENABLE_DEBUG_INFO = NO;
				MTL_FAST_MATH = YES;
				SDKROOT = iphoneos;
				SWIFT_COMPILATION_MODE = wholemodule;
				SWIFT_OPTIMIZATION_LEVEL = "-O";
				VALIDATE_PRODUCT = YES;
			};
			name = Release;
		};
		03DA75E424BEB0CC0037F620 /* Debug */ = {
			isa = XCBuildConfiguration;
			buildSettings = {
				ASSETCATALOG_COMPILER_APPICON_NAME = AppIcon;
				CODE_SIGN_STYLE = Automatic;
				INFOPLIST_FILE = PhotoFilter/Info.plist;
				LD_RUNPATH_SEARCH_PATHS = (
					"$(inherited)",
					"@executable_path/Frameworks",
				);
				PRODUCT_BUNDLE_IDENTIFIER = com.steveit.PhotoFilter;
				PRODUCT_NAME = "$(TARGET_NAME)";
				SWIFT_VERSION = 5.0;
				TARGETED_DEVICE_FAMILY = "1,2";
			};
			name = Debug;
		};
		03DA75E524BEB0CC0037F620 /* Release */ = {
			isa = XCBuildConfiguration;
			buildSettings = {
				ASSETCATALOG_COMPILER_APPICON_NAME = AppIcon;
				CODE_SIGN_STYLE = Automatic;
				INFOPLIST_FILE = PhotoFilter/Info.plist;
				LD_RUNPATH_SEARCH_PATHS = (
					"$(inherited)",
					"@executable_path/Frameworks",
				);
				PRODUCT_BUNDLE_IDENTIFIER = com.steveit.PhotoFilter;
				PRODUCT_NAME = "$(TARGET_NAME)";
				SWIFT_VERSION = 5.0;
				TARGETED_DEVICE_FAMILY = "1,2";
			};
			name = Release;
		};
/* End XCBuildConfiguration section */

/* Begin XCConfigurationList section */
		03DA75CA24BEB0CA0037F620 /* Build configuration list for PBXProject "PhotoFilter" */ = {
			isa = XCConfigurationList;
			buildConfigurations = (
				03DA75E124BEB0CC0037F620 /* Debug */,
				03DA75E224BEB0CC0037F620 /* Release */,
			);
			defaultConfigurationIsVisible = 0;
			defaultConfigurationName = Release;
		};
		03DA75E324BEB0CC0037F620 /* Build configuration list for PBXNativeTarget "PhotoFilter" */ = {
			isa = XCConfigurationList;
			buildConfigurations = (
				03DA75E424BEB0CC0037F620 /* Debug */,
				03DA75E524BEB0CC0037F620 /* Release */,
			);
			defaultConfigurationIsVisible = 0;
			defaultConfigurationName = Release;
		};
/* End XCConfigurationList section */
	};
	rootObject = 03DA75C724BEB0CA0037F620 /* Project object */;
}
